// !$*UTF8*$!
{
	archiveVersion = 1;
	classes = {
	};
	objectVersion = 50;
	objects = {

/* Begin PBXBuildFile section */
		71AF45B020B3263A00971520 /* AppDelegate.swift in Sources */ = {isa = PBXBuildFile; fileRef = 71AF45AF20B3263A00971520 /* AppDelegate.swift */; };
		71AF45B520B3263A00971520 /* Main.storyboard in Resources */ = {isa = PBXBuildFile; fileRef = 71AF45B320B3263A00971520 /* Main.storyboard */; };
		71AF45B720B3263C00971520 /* Assets.xcassets in Resources */ = {isa = PBXBuildFile; fileRef = 71AF45B620B3263C00971520 /* Assets.xcassets */; };
		71AF45BA20B3263C00971520 /* LaunchScreen.storyboard in Resources */ = {isa = PBXBuildFile; fileRef = 71AF45B820B3263C00971520 /* LaunchScreen.storyboard */; };
		71AF45C420B32BE200971520 /* Cards.swift in Sources */ = {isa = PBXBuildFile; fileRef = 71AF45C320B32BE200971520 /* Cards.swift */; };
		71AF45CE20B358D000971520 /* CardsController.swift in Sources */ = {isa = PBXBuildFile; fileRef = 71AF45CD20B358D000971520 /* CardsController.swift */; };
		71AF45D020B3590200971520 /* CardViewController.swift in Sources */ = {isa = PBXBuildFile; fileRef = 71AF45CF20B3590200971520 /* CardViewController.swift */; };
/* End PBXBuildFile section */

/* Begin PBXFileReference section */
		71AF45AC20B3263A00971520 /* DeckOfOne.app */ = {isa = PBXFileReference; explicitFileType = wrapper.application; includeInIndex = 0; path = DeckOfOne.app; sourceTree = BUILT_PRODUCTS_DIR; };
		71AF45AF20B3263A00971520 /* AppDelegate.swift */ = {isa = PBXFileReference; lastKnownFileType = sourcecode.swift; path = AppDelegate.swift; sourceTree = "<group>"; };
		71AF45B420B3263A00971520 /* Base */ = {isa = PBXFileReference; lastKnownFileType = file.storyboard; name = Base; path = Base.lproj/Main.storyboard; sourceTree = "<group>"; };
		71AF45B620B3263C00971520 /* Assets.xcassets */ = {isa = PBXFileReference; lastKnownFileType = folder.assetcatalog; path = Assets.xcassets; sourceTree = "<group>"; };
		71AF45B920B3263C00971520 /* Base */ = {isa = PBXFileReference; lastKnownFileType = file.storyboard; name = Base; path = Base.lproj/LaunchScreen.storyboard; sourceTree = "<group>"; };
		71AF45BB20B3263C00971520 /* Info.plist */ = {isa = PBXFileReference; lastKnownFileType = text.plist.xml; path = Info.plist; sourceTree = "<group>"; };
		71AF45C320B32BE200971520 /* Cards.swift */ = {isa = PBXFileReference; lastKnownFileType = sourcecode.swift; path = Cards.swift; sourceTree = "<group>"; };
		71AF45CD20B358D000971520 /* CardsController.swift */ = {isa = PBXFileReference; lastKnownFileType = sourcecode.swift; path = CardsController.swift; sourceTree = "<group>"; };
		71AF45CF20B3590200971520 /* CardViewController.swift */ = {isa = PBXFileReference; lastKnownFileType = sourcecode.swift; path = CardViewController.swift; sourceTree = "<group>"; };
/* End PBXFileReference section */

/* Begin PBXFrameworksBuildPhase section */
		71AF45A920B3263A00971520 /* Frameworks */ = {
			isa = PBXFrameworksBuildPhase;
			buildActionMask = 2147483647;
			files = (
			);
			runOnlyForDeploymentPostprocessing = 0;
		};
/* End PBXFrameworksBuildPhase section */

/* Begin PBXGroup section */
		71AF45A320B3263A00971520 = {
			isa = PBXGroup;
			children = (
				71AF45AE20B3263A00971520 /* DeckOfOne */,
				71AF45AD20B3263A00971520 /* Products */,
			);
			sourceTree = "<group>";
		};
		71AF45AD20B3263A00971520 /* Products */ = {
			isa = PBXGroup;
			children = (
				71AF45AC20B3263A00971520 /* DeckOfOne.app */,
			);
			name = Products;
			sourceTree = "<group>";
		};
		71AF45AE20B3263A00971520 /* DeckOfOne */ = {
			isa = PBXGroup;
			children = (
				71AF45C920B32FB800971520 /* Controller */,
				71AF45C820B32F5F00971520 /* View */,
				71AF45C220B32BCE00971520 /* Model */,
				71AF45C120B32A7D00971520 /* Resources */,
			);
			path = DeckOfOne;
			sourceTree = "<group>";
		};
		71AF45C120B32A7D00971520 /* Resources */ = {
			isa = PBXGroup;
			children = (
				71AF45AF20B3263A00971520 /* AppDelegate.swift */,
				71AF45B620B3263C00971520 /* Assets.xcassets */,
				71AF45B820B3263C00971520 /* LaunchScreen.storyboard */,
				71AF45BB20B3263C00971520 /* Info.plist */,
			);
			path = Resources;
			sourceTree = "<group>";
		};
		71AF45C220B32BCE00971520 /* Model */ = {
			isa = PBXGroup;
			children = (
				71AF45C720B32F3500971520 /* Model Controller */,
			);
			path = Model;
			sourceTree = "<group>";
		};
		71AF45C720B32F3500971520 /* Model Controller */ = {
			isa = PBXGroup;
			children = (
				71AF45CD20B358D000971520 /* CardsController.swift */,
				71AF45C320B32BE200971520 /* Cards.swift */,
			);
			path = "Model Controller";
			sourceTree = "<group>";
		};
		71AF45C820B32F5F00971520 /* View */ = {
			isa = PBXGroup;
			children = (
				71AF45B320B3263A00971520 /* Main.storyboard */,
			);
			path = View;
			sourceTree = "<group>";
		};
		71AF45C920B32FB800971520 /* Controller */ = {
			isa = PBXGroup;
			children = (
				71AF45CF20B3590200971520 /* CardViewController.swift */,
			);
			name = Controller;
			sourceTree = "<group>";
		};
/* End PBXGroup section */

/* Begin PBXNativeTarget section */
		71AF45AB20B3263A00971520 /* DeckOfOne */ = {
			isa = PBXNativeTarget;
			buildConfigurationList = 71AF45BE20B3263C00971520 /* Build configuration list for PBXNativeTarget "DeckOfOne" */;
			buildPhases = (
				71AF45A820B3263A00971520 /* Sources */,
				71AF45A920B3263A00971520 /* Frameworks */,
				71AF45AA20B3263A00971520 /* Resources */,
			);
			buildRules = (
			);
			dependencies = (
			);
			name = DeckOfOne;
			productName = DeckOfOne;
			productReference = 71AF45AC20B3263A00971520 /* DeckOfOne.app */;
			productType = "com.apple.product-type.application";
		};
/* End PBXNativeTarget section */

/* Begin PBXProject section */
		71AF45A420B3263A00971520 /* Project object */ = {
			isa = PBXProject;
			attributes = {
				LastSwiftUpdateCheck = 0930;
				LastUpgradeCheck = 0930;
				ORGANIZATIONNAME = "Caston  Boyd";
				TargetAttributes = {
					71AF45AB20B3263A00971520 = {
						CreatedOnToolsVersion = 9.3;
					};
				};
			};
			buildConfigurationList = 71AF45A720B3263A00971520 /* Build configuration list for PBXProject "DeckOfOne" */;
			compatibilityVersion = "Xcode 9.3";
			developmentRegion = en;
			hasScannedForEncodings = 0;
			knownRegions = (
				en,
				Base,
			);
			mainGroup = 71AF45A320B3263A00971520;
			productRefGroup = 71AF45AD20B3263A00971520 /* Products */;
			projectDirPath = "";
			projectRoot = "";
			targets = (
				71AF45AB20B3263A00971520 /* DeckOfOne */,
			);
		};
/* End PBXProject section */

/* Begin PBXResourcesBuildPhase section */
		71AF45AA20B3263A00971520 /* Resources */ = {
			isa = PBXResourcesBuildPhase;
			buildActionMask = 2147483647;
			files = (
				71AF45BA20B3263C00971520 /* LaunchScreen.storyboard in Resources */,
				71AF45B720B3263C00971520 /* Assets.xcassets in Resources */,
				71AF45B520B3263A00971520 /* Main.storyboard in Resources */,
			);
			runOnlyForDeploymentPostprocessing = 0;
		};
/* End PBXResourcesBuildPhase section */

/* Begin PBXSourcesBuildPhase section */
		71AF45A820B3263A00971520 /* Sources */ = {
			isa = PBXSourcesBuildPhase;
			buildActionMask = 2147483647;
			files = (
				71AF45D020B3590200971520 /* CardViewController.swift in Sources */,
				71AF45CE20B358D000971520 /* CardsController.swift in Sources */,
				71AF45B020B3263A00971520 /* AppDelegate.swift in Sources */,
				71AF45C420B32BE200971520 /* Cards.swift in Sources */,
			);
			runOnlyForDeploymentPostprocessing = 0;
		};
/* End PBXSourcesBuildPhase section */

/* Begin PBXVariantGroup section */
		71AF45B320B3263A00971520 /* Main.storyboard */ = {
			isa = PBXVariantGroup;
			children = (
				71AF45B420B3263A00971520 /* Base */,
			);
			name = Main.storyboard;
			sourceTree = "<group>";
		};
		71AF45B820B3263C00971520 /* LaunchScreen.storyboard */ = {
			isa = PBXVariantGroup;
			children = (
				71AF45B920B3263C00971520 /* Base */,
			);
			name = LaunchScreen.storyboard;
			sourceTree = "<group>";
		};
/* End PBXVariantGroup section */

/* Begin XCBuildConfiguration section */
		71AF45BC20B3263C00971520 /* Debug */ = {
			isa = XCBuildConfiguration;
			buildSettings = {
				ALWAYS_SEARCH_USER_PATHS = NO;
				CLANG_ANALYZER_NONNULL = YES;
				CLANG_ANALYZER_NUMBER_OBJECT_CONVERSION = YES_AGGRESSIVE;
				CLANG_CXX_LANGUAGE_STANDARD = "gnu++14";
				CLANG_CXX_LIBRARY = "libc++";
				CLANG_ENABLE_MODULES = YES;
				CLANG_ENABLE_OBJC_ARC = YES;
				CLANG_ENABLE_OBJC_WEAK = YES;
				CLANG_WARN_BLOCK_CAPTURE_AUTORELEASING = YES;
				CLANG_WARN_BOOL_CONVERSION = YES;
				CLANG_WARN_COMMA = YES;
				CLANG_WARN_CONSTANT_CONVERSION = YES;
				CLANG_WARN_DEPRECATED_OBJC_IMPLEMENTATIONS = YES;
				CLANG_WARN_DIRECT_OBJC_ISA_USAGE = YES_ERROR;
				CLANG_WARN_DOCUMENTATION_COMMENTS = YES;
				CLANG_WARN_EMPTY_BODY = YES;
				CLANG_WARN_ENUM_CONVERSION = YES;
				CLANG_WARN_INFINITE_RECURSION = YES;
				CLANG_WARN_INT_CONVERSION = YES;
				CLANG_WARN_NON_LITERAL_NULL_CONVERSION = YES;
				CLANG_WARN_OBJC_IMPLICIT_RETAIN_SELF = YES;
				CLANG_WARN_OBJC_LITERAL_CONVERSION = YES;
				CLANG_WARN_OBJC_ROOT_CLASS = YES_ERROR;
				CLANG_WARN_RANGE_LOOP_ANALYSIS = YES;
				CLANG_WARN_STRICT_PROTOTYPES = YES;
				CLANG_WARN_SUSPICIOUS_MOVE = YES;
				CLANG_WARN_UNGUARDED_AVAILABILITY = YES_AGGRESSIVE;
				CLANG_WARN_UNREACHABLE_CODE = YES;
				CLANG_WARN__DUPLICATE_METHOD_MATCH = YES;
				CODE_SIGN_IDENTITY = "iPhone Developer";
				COPY_PHASE_STRIP = NO;
				DEBUG_INFORMATION_FORMAT = dwarf;
				ENABLE_STRICT_OBJC_MSGSEND = YES;
				ENABLE_TESTABILITY = YES;
				GCC_C_LANGUAGE_STANDARD = gnu11;
				GCC_DYNAMIC_NO_PIC = NO;
				GCC_NO_COMMON_BLOCKS = YES;
				GCC_OPTIMIZATION_LEVEL = 0;
				GCC_PREPROCESSOR_DEFINITIONS = (
					"DEBUG=1",
					"$(inherited)",
				);
				GCC_WARN_64_TO_32_BIT_CONVERSION = YES;
				GCC_WARN_ABOUT_RETURN_TYPE = YES_ERROR;
				GCC_WARN_UNDECLARED_SELECTOR = YES;
				GCC_WARN_UNINITIALIZED_AUTOS = YES_AGGRESSIVE;
				GCC_WARN_UNUSED_FUNCTION = YES;
				GCC_WARN_UNUSED_VARIABLE = YES;
				IPHONEOS_DEPLOYMENT_TARGET = 11.3;
				MTL_ENABLE_DEBUG_INFO = YES;
				ONLY_ACTIVE_ARCH = YES;
				SDKROOT = iphoneos;
				SWIFT_ACTIVE_COMPILATION_CONDITIONS = DEBUG;
				SWIFT_OPTIMIZATION_LEVEL = "-Onone";
			};
			name = Debug;
		};
		71AF45BD20B3263C00971520 /* Release */ = {
			isa = XCBuildConfiguration;
			buildSettings = {
				ALWAYS_SEARCH_USER_PATHS = NO;
				CLANG_ANALYZER_NONNULL = YES;
				CLANG_ANALYZER_NUMBER_OBJECT_CONVERSION = YES_AGGRESSIVE;
				CLANG_CXX_LANGUAGE_STANDARD = "gnu++14";
				CLANG_CXX_LIBRARY = "libc++";
				CLANG_ENABLE_MODULES = YES;
				CLANG_ENABLE_OBJC_ARC = YES;
				CLANG_ENABLE_OBJC_WEAK = YES;
				CLANG_WARN_BLOCK_CAPTURE_AUTORELEASING = YES;
				CLANG_WARN_BOOL_CONVERSION = YES;
				CLANG_WARN_COMMA = YES;
				CLANG_WARN_CONSTANT_CONVERSION = YES;
				CLANG_WARN_DEPRECATED_OBJC_IMPLEMENTATIONS = YES;
				CLANG_WARN_DIRECT_OBJC_ISA_USAGE = YES_ERROR;
				CLANG_WARN_DOCUMENTATION_COMMENTS = YES;
				CLANG_WARN_EMPTY_BODY = YES;
				CLANG_WARN_ENUM_CONVERSION = YES;
				CLANG_WARN_INFINITE_RECURSION = YES;
				CLANG_WARN_INT_CONVERSION = YES;
				CLANG_WARN_NON_LITERAL_NULL_CONVERSION = YES;
				CLANG_WARN_OBJC_IMPLICIT_RETAIN_SELF = YES;
				CLANG_WARN_OBJC_LITERAL_CONVERSION = YES;
				CLANG_WARN_OBJC_ROOT_CLASS = YES_ERROR;
				CLANG_WARN_RANGE_LOOP_ANALYSIS = YES;
				CLANG_WARN_STRICT_PROTOTYPES = YES;
				CLANG_WARN_SUSPICIOUS_MOVE = YES;
				CLANG_WARN_UNGUARDED_AVAILABILITY = YES_AGGRESSIVE;
				CLANG_WARN_UNREACHABLE_CODE = YES;
				CLANG_WARN__DUPLICATE_METHOD_MATCH = YES;
				CODE_SIGN_IDENTITY = "iPhone Developer";
				COPY_PHASE_STRIP = NO;
				DEBUG_INFORMATION_FORMAT = "dwarf-with-dsym";
				ENABLE_NS_ASSERTIONS = NO;
				ENABLE_STRICT_OBJC_MSGSEND = YES;
				GCC_C_LANGUAGE_STANDARD = gnu11;
				GCC_NO_COMMON_BLOCKS = YES;
				GCC_WARN_64_TO_32_BIT_CONVERSION = YES;
				GCC_WARN_ABOUT_RETURN_TYPE = YES_ERROR;
				GCC_WARN_UNDECLARED_SELECTOR = YES;
				GCC_WARN_UNINITIALIZED_AUTOS = YES_AGGRESSIVE;
				GCC_WARN_UNUSED_FUNCTION = YES;
				GCC_WARN_UNUSED_VARIABLE = YES;
				IPHONEOS_DEPLOYMENT_TARGET = 11.3;
				MTL_ENABLE_DEBUG_INFO = NO;
				SDKROOT = iphoneos;
				SWIFT_COMPILATION_MODE = wholemodule;
				SWIFT_OPTIMIZATION_LEVEL = "-O";
				VALIDATE_PRODUCT = YES;
			};
			name = Release;
		};
		71AF45BF20B3263C00971520 /* Debug */ = {
			isa = XCBuildConfiguration;
			buildSettings = {
				ASSETCATALOG_COMPILER_APPICON_NAME = AppIcon;
				CODE_SIGN_STYLE = Manual;
				DEVELOPMENT_TEAM = "";
				INFOPLIST_FILE = "$(SRCROOT)/DeckOfOne/Resources/Info.plist";
				LD_RUNPATH_SEARCH_PATHS = (
					"$(inherited)",
					"@executable_path/Frameworks",
				);
				PRODUCT_BUNDLE_IDENTIFIER = com.Virtud.DeckOfOne;
				PRODUCT_NAME = "$(TARGET_NAME)";
				PROVISIONING_PROFILE_SPECIFIER = "";
				SWIFT_VERSION = 4.0;
				TARGETED_DEVICE_FAMILY = "1,2";
			};
			name = Debug;
		};
		71AF45C020B3263C00971520 /* Release */ = {
			isa = XCBuildConfiguration;
			buildSettings = {
				ASSETCATALOG_COMPILER_APPICON_NAME = AppIcon;
				CODE_SIGN_STYLE = Manual;
				DEVELOPMENT_TEAM = "";
				INFOPLIST_FILE = "$(SRCROOT)/DeckOfOne/Resources/Info.plist";
				LD_RUNPATH_SEARCH_PATHS = (
					"$(inherited)",
					"@executable_path/Frameworks",
				);
				PRODUCT_BUNDLE_IDENTIFIER = com.Virtud.DeckOfOne;
				PRODUCT_NAME = "$(TARGET_NAME)";
				PROVISIONING_PROFILE_SPECIFIER = "";
				SWIFT_VERSION = 4.0;
				TARGETED_DEVICE_FAMILY = "1,2";
			};
			name = Release;
		};
/* End XCBuildConfiguration section */

/* Begin XCConfigurationList section */
		71AF45A720B3263A00971520 /* Build configuration list for PBXProject "DeckOfOne" */ = {
			isa = XCConfigurationList;
			buildConfigurations = (
				71AF45BC20B3263C00971520 /* Debug */,
				71AF45BD20B3263C00971520 /* Release */,
			);
			defaultConfigurationIsVisible = 0;
			defaultConfigurationName = Release;
		};
		71AF45BE20B3263C00971520 /* Build configuration list for PBXNativeTarget "DeckOfOne" */ = {
			isa = XCConfigurationList;
			buildConfigurations = (
				71AF45BF20B3263C00971520 /* Debug */,
				71AF45C020B3263C00971520 /* Release */,
			);
			defaultConfigurationIsVisible = 0;
			defaultConfigurationName = Release;
		};
/* End XCConfigurationList section */
	};
	rootObject = 71AF45A420B3263A00971520 /* Project object */;
}
